
Microsoft Visual Studio Solution File, Format Version 12.00
# Visual Studio Version 16
VisualStudioVersion = 16.0.30114.105
MinimumVisualStudioVersion = 10.0.40219.1
Project("{9A19103F-16F7-4668-BE54-9A1E7A4F7556}") = "CoreApi", "CoreApi\CoreApi.csproj", "{C0B853D0-66E2-4DCF-A416-96E211E8256A}"
EndProject
Project("{9A19103F-16F7-4668-BE54-9A1E7A4F7556}") = "CoreApi.Common", "CoreApi.Common\CoreApi.Common.csproj", "{0644B47D-1DEE-4456-9551-F2C015412C4D}"
EndProject
Project("{9A19103F-16F7-4668-BE54-9A1E7A4F7556}") = "CoreApi.Model", "CoreApi.Model\CoreApi.Model.csproj", "{083D766B-5BA7-4DE6-B506-A83E53EB1C94}"
EndProject
Project("{9A19103F-16F7-4668-BE54-9A1E7A4F7556}") = "CoreApi.IService", "CoreApi.Interface\CoreApi.IService.csproj", "{318909E4-02E1-4B6B-A979-BBD4E1D893D6}"
EndProject
Project("{9A19103F-16F7-4668-BE54-9A1E7A4F7556}") = "CoreApi.Service", "CoreApi.Implement\CoreApi.Service.csproj", "{4BDFE6B3-7E16-447A-ACC8-F831663773BB}"
EndProject
Global
	GlobalSection(SolutionConfigurationPlatforms) = preSolution
		Debug|Any CPU = Debug|Any CPU
		Release|Any CPU = Release|Any CPU
	EndGlobalSection
	GlobalSection(ProjectConfigurationPlatforms) = postSolution
		{C0B853D0-66E2-4DCF-A416-96E211E8256A}.Debug|Any CPU.ActiveCfg = Debug|Any CPU
		{C0B853D0-66E2-4DCF-A416-96E211E8256A}.Debug|Any CPU.Build.0 = Debug|Any CPU
		{C0B853D0-66E2-4DCF-A416-96E211E8256A}.Release|Any CPU.ActiveCfg = Release|Any CPU
		{C0B853D0-66E2-4DCF-A416-96E211E8256A}.Release|Any CPU.Build.0 = Release|Any CPU
		{0644B47D-1DEE-4456-9551-F2C015412C4D}.Debug|Any CPU.ActiveCfg = Debug|Any CPU
		{0644B47D-1DEE-4456-9551-F2C015412C4D}.Debug|Any CPU.Build.0 = Debug|Any CPU
		{0644B47D-1DEE-4456-9551-F2C015412C4D}.Release|Any CPU.ActiveCfg = Release|Any CPU
		{0644B47D-1DEE-4456-9551-F2C015412C4D}.Release|Any CPU.Build.0 = Release|Any CPU
		{083D766B-5BA7-4DE6-B506-A83E53EB1C94}.Debug|Any CPU.ActiveCfg = Debug|Any CPU
		{083D766B-5BA7-4DE6-B506-A83E53EB1C94}.Debug|Any CPU.Build.0 = Debug|Any CPU
		{083D766B-5BA7-4DE6-B506-A83E53EB1C94}.Release|Any CPU.ActiveCfg = Release|Any CPU
		{083D766B-5BA7-4DE6-B506-A83E53EB1C94}.Release|Any CPU.Build.0 = Release|Any CPU
		{318909E4-02E1-4B6B-A979-BBD4E1D893D6}.Debug|Any CPU.ActiveCfg = Debug|Any CPU
		{318909E4-02E1-4B6B-A979-BBD4E1D893D6}.Debug|Any CPU.Build.0 = Debug|Any CPU
		{318909E4-02E1-4B6B-A979-BBD4E1D893D6}.Release|Any CPU.ActiveCfg = Release|Any CPU
		{318909E4-02E1-4B6B-A979-BBD4E1D893D6}.Release|Any CPU.Build.0 = Release|Any CPU
		{4BDFE6B3-7E16-447A-ACC8-F831663773BB}.Debug|Any CPU.ActiveCfg = Debug|Any CPU
		{4BDFE6B3-7E16-447A-ACC8-F831663773BB}.Debug|Any CPU.Build.0 = Debug|Any CPU
		{4BDFE6B3-7E16-447A-ACC8-F831663773BB}.Release|Any CPU.ActiveCfg = Release|Any CPU
		{4BDFE6B3-7E16-447A-ACC8-F831663773BB}.Release|Any CPU.Build.0 = Release|Any CPU
	EndGlobalSection
	GlobalSection(SolutionProperties) = preSolution
		HideSolutionNode = FALSE
	EndGlobalSection
	GlobalSection(ExtensibilityGlobals) = postSolution
		SolutionGuid = {B85280DD-2671-471E-80D3-42CDFA8EA30B}
	EndGlobalSection
EndGlobal
